// !$*UTF8*$!
{
	archiveVersion = 1;
	classes = {
	};
	objectVersion = 56;
	objects = {

/* Begin PBXBuildFile section */
		58BCC65F2CB994C300C5313A /* OutlineCircleShape.swift in Sources */ = {isa = PBXBuildFile; fileRef = 58BCC65E2CB994C300C5313A /* OutlineCircleShape.swift */; };
		58BCC6612CB9950D00C5313A /* OutlineRectangleShape.swift in Sources */ = {isa = PBXBuildFile; fileRef = 58BCC6602CB9950D00C5313A /* OutlineRectangleShape.swift */; };
		58BCC6632CB9953200C5313A /* OutlineTriangleShape.swift in Sources */ = {isa = PBXBuildFile; fileRef = 58BCC6622CB9953200C5313A /* OutlineTriangleShape.swift */; };
		58C7E5D02CB7A3620037FCBF /* AppDelegate.swift in Sources */ = {isa = PBXBuildFile; fileRef = 58C7E5CF2CB7A3620037FCBF /* AppDelegate.swift */; };
		58C7E5D22CB7A3620037FCBF /* SceneDelegate.swift in Sources */ = {isa = PBXBuildFile; fileRef = 58C7E5D12CB7A3620037FCBF /* SceneDelegate.swift */; };
		58C7E5D42CB7A3620037FCBF /* ViewController.swift in Sources */ = {isa = PBXBuildFile; fileRef = 58C7E5D32CB7A3620037FCBF /* ViewController.swift */; };
		58C7E5D72CB7A3620037FCBF /* Base in Resources */ = {isa = PBXBuildFile; fileRef = 58C7E5D62CB7A3620037FCBF /* Base */; };
		58C7E5D92CB7A3630037FCBF /* Assets.xcassets in Resources */ = {isa = PBXBuildFile; fileRef = 58C7E5D82CB7A3630037FCBF /* Assets.xcassets */; };
		58C7E5DC2CB7A3630037FCBF /* Base in Resources */ = {isa = PBXBuildFile; fileRef = 58C7E5DB2CB7A3630037FCBF /* Base */; };
		58C7E5E42CB7A3920037FCBF /* DrawingItem.swift in Sources */ = {isa = PBXBuildFile; fileRef = 58C7E5E32CB7A3920037FCBF /* DrawingItem.swift */; };
		58C7E5E62CB7A3A90037FCBF /* DrawingView.swift in Sources */ = {isa = PBXBuildFile; fileRef = 58C7E5E52CB7A3A90037FCBF /* DrawingView.swift */; };
		58C7E5E82CB7A3C00037FCBF /* Shape.swift in Sources */ = {isa = PBXBuildFile; fileRef = 58C7E5E72CB7A3C00037FCBF /* Shape.swift */; };
		58C7E5EA2CB7A3D60037FCBF /* CircleShape.swift in Sources */ = {isa = PBXBuildFile; fileRef = 58C7E5E92CB7A3D60037FCBF /* CircleShape.swift */; };
		58C7E5EC2CB7A3E30037FCBF /* TriangleShape.swift in Sources */ = {isa = PBXBuildFile; fileRef = 58C7E5EB2CB7A3E30037FCBF /* TriangleShape.swift */; };
		58C7E5EE2CB7A3E90037FCBF /* RectangleShape.swift in Sources */ = {isa = PBXBuildFile; fileRef = 58C7E5ED2CB7A3E90037FCBF /* RectangleShape.swift */; };
/* End PBXBuildFile section */

/* Begin PBXFileReference section */
		58BCC65E2CB994C300C5313A /* OutlineCircleShape.swift */ = {isa = PBXFileReference; lastKnownFileType = sourcecode.swift; path = OutlineCircleShape.swift; sourceTree = "<group>"; };
		58BCC6602CB9950D00C5313A /* OutlineRectangleShape.swift */ = {isa = PBXFileReference; lastKnownFileType = sourcecode.swift; path = OutlineRectangleShape.swift; sourceTree = "<group>"; };
		58BCC6622CB9953200C5313A /* OutlineTriangleShape.swift */ = {isa = PBXFileReference; lastKnownFileType = sourcecode.swift; path = OutlineTriangleShape.swift; sourceTree = "<group>"; };
		58C7E5CC2CB7A3620037FCBF /* KananAhmadov-Lab-3.app */ = {isa = PBXFileReference; explicitFileType = wrapper.application; includeInIndex = 0; path = "KananAhmadov-Lab-3.app"; sourceTree = BUILT_PRODUCTS_DIR; };
		58C7E5CF2CB7A3620037FCBF /* AppDelegate.swift */ = {isa = PBXFileReference; lastKnownFileType = sourcecode.swift; path = AppDelegate.swift; sourceTree = "<group>"; };
		58C7E5D12CB7A3620037FCBF /* SceneDelegate.swift */ = {isa = PBXFileReference; lastKnownFileType = sourcecode.swift; path = SceneDelegate.swift; sourceTree = "<group>"; };
		58C7E5D32CB7A3620037FCBF /* ViewController.swift */ = {isa = PBXFileReference; lastKnownFileType = sourcecode.swift; path = ViewController.swift; sourceTree = "<group>"; };
		58C7E5D62CB7A3620037FCBF /* Base */ = {isa = PBXFileReference; lastKnownFileType = file.storyboard; name = Base; path = Base.lproj/Main.storyboard; sourceTree = "<group>"; };
		58C7E5D82CB7A3630037FCBF /* Assets.xcassets */ = {isa = PBXFileReference; lastKnownFileType = folder.assetcatalog; path = Assets.xcassets; sourceTree = "<group>"; };
		58C7E5DB2CB7A3630037FCBF /* Base */ = {isa = PBXFileReference; lastKnownFileType = file.storyboard; name = Base; path = Base.lproj/LaunchScreen.storyboard; sourceTree = "<group>"; };
		58C7E5DD2CB7A3630037FCBF /* Info.plist */ = {isa = PBXFileReference; lastKnownFileType = text.plist.xml; path = Info.plist; sourceTree = "<group>"; };
		58C7E5E32CB7A3920037FCBF /* DrawingItem.swift */ = {isa = PBXFileReference; fileEncoding = 4; lastKnownFileType = sourcecode.swift; path = DrawingItem.swift; sourceTree = "<group>"; };
		58C7E5E52CB7A3A90037FCBF /* DrawingView.swift */ = {isa = PBXFileReference; fileEncoding = 4; lastKnownFileType = sourcecode.swift; path = DrawingView.swift; sourceTree = "<group>"; };
		58C7E5E72CB7A3C00037FCBF /* Shape.swift */ = {isa = PBXFileReference; fileEncoding = 4; lastKnownFileType = sourcecode.swift; path = Shape.swift; sourceTree = "<group>"; };
		58C7E5E92CB7A3D60037FCBF /* CircleShape.swift */ = {isa = PBXFileReference; fileEncoding = 4; lastKnownFileType = sourcecode.swift; path = CircleShape.swift; sourceTree = "<group>"; };
		58C7E5EB2CB7A3E30037FCBF /* TriangleShape.swift */ = {isa = PBXFileReference; fileEncoding = 4; lastKnownFileType = sourcecode.swift; path = TriangleShape.swift; sourceTree = "<group>"; };
		58C7E5ED2CB7A3E90037FCBF /* RectangleShape.swift */ = {isa = PBXFileReference; fileEncoding = 4; lastKnownFileType = sourcecode.swift; path = RectangleShape.swift; sourceTree = "<group>"; };
/* End PBXFileReference section */

/* Begin PBXFrameworksBuildPhase section */
		58C7E5C92CB7A3620037FCBF /* Frameworks */ = {
			isa = PBXFrameworksBuildPhase;
			buildActionMask = 2147483647;
			files = (
			);
			runOnlyForDeploymentPostprocessing = 0;
		};
/* End PBXFrameworksBuildPhase section */

/* Begin PBXGroup section */
		58C7E5C32CB7A3620037FCBF = {
			isa = PBXGroup;
			children = (
				58C7E5CE2CB7A3620037FCBF /* KananAhmadov-Lab-3 */,
				58C7E5CD2CB7A3620037FCBF /* Products */,
			);
			sourceTree = "<group>";
		};
		58C7E5CD2CB7A3620037FCBF /* Products */ = {
			isa = PBXGroup;
			children = (
				58C7E5CC2CB7A3620037FCBF /* KananAhmadov-Lab-3.app */,
			);
			name = Products;
			sourceTree = "<group>";
		};
		58C7E5CE2CB7A3620037FCBF /* KananAhmadov-Lab-3 */ = {
			isa = PBXGroup;
			children = (
				58C7E5CF2CB7A3620037FCBF /* AppDelegate.swift */,
				58C7E5D12CB7A3620037FCBF /* SceneDelegate.swift */,
				58C7E5D32CB7A3620037FCBF /* ViewController.swift */,
				58C7E5E32CB7A3920037FCBF /* DrawingItem.swift */,
				58C7E5E52CB7A3A90037FCBF /* DrawingView.swift */,
				58C7E5E72CB7A3C00037FCBF /* Shape.swift */,
				58C7E5E92CB7A3D60037FCBF /* CircleShape.swift */,
				58C7E5EB2CB7A3E30037FCBF /* TriangleShape.swift */,
				58C7E5ED2CB7A3E90037FCBF /* RectangleShape.swift */,
				58BCC65E2CB994C300C5313A /* OutlineCircleShape.swift */,
				58BCC6602CB9950D00C5313A /* OutlineRectangleShape.swift */,
				58BCC6622CB9953200C5313A /* OutlineTriangleShape.swift */,
				58C7E5D52CB7A3620037FCBF /* Main.storyboard */,
				58C7E5DD2CB7A3630037FCBF /* Info.plist */,
				58C7E5D82CB7A3630037FCBF /* Assets.xcassets */,
				58C7E5DA2CB7A3630037FCBF /* LaunchScreen.storyboard */,
			);
			path = "KananAhmadov-Lab-3";
			sourceTree = "<group>";
		};
/* End PBXGroup section */

/* Begin PBXNativeTarget section */
		58C7E5CB2CB7A3620037FCBF /* KananAhmadov-Lab-3 */ = {
			isa = PBXNativeTarget;
			buildConfigurationList = 58C7E5E02CB7A3630037FCBF /* Build configuration list for PBXNativeTarget "KananAhmadov-Lab-3" */;
			buildPhases = (
				58C7E5C82CB7A3620037FCBF /* Sources */,
				58C7E5C92CB7A3620037FCBF /* Frameworks */,
				58C7E5CA2CB7A3620037FCBF /* Resources */,
			);
			buildRules = (
			);
			dependencies = (
			);
			name = "KananAhmadov-Lab-3";
			productName = "KananAhmadov-Lab-3";
			productReference = 58C7E5CC2CB7A3620037FCBF /* KananAhmadov-Lab-3.app */;
			productType = "com.apple.product-type.application";
		};
/* End PBXNativeTarget section */

/* Begin PBXProject section */
		58C7E5C42CB7A3620037FCBF /* Project object */ = {
			isa = PBXProject;
			attributes = {
				BuildIndependentTargetsInParallel = 1;
				LastSwiftUpdateCheck = 1540;
				LastUpgradeCheck = 1540;
				TargetAttributes = {
					58C7E5CB2CB7A3620037FCBF = {
						CreatedOnToolsVersion = 15.4;
					};
				};
			};
			buildConfigurationList = 58C7E5C72CB7A3620037FCBF /* Build configuration list for PBXProject "KananAhmadov-Lab-3" */;
			compatibilityVersion = "Xcode 14.0";
			developmentRegion = en;
			hasScannedForEncodings = 0;
			knownRegions = (
				en,
				Base,
			);
			mainGroup = 58C7E5C32CB7A3620037FCBF;
			productRefGroup = 58C7E5CD2CB7A3620037FCBF /* Products */;
			projectDirPath = "";
			projectRoot = "";
			targets = (
				58C7E5CB2CB7A3620037FCBF /* KananAhmadov-Lab-3 */,
			);
		};
/* End PBXProject section */

/* Begin PBXResourcesBuildPhase section */
		58C7E5CA2CB7A3620037FCBF /* Resources */ = {
			isa = PBXResourcesBuildPhase;
			buildActionMask = 2147483647;
			files = (
				58C7E5D92CB7A3630037FCBF /* Assets.xcassets in Resources */,
				58C7E5DC2CB7A3630037FCBF /* Base in Resources */,
				58C7E5D72CB7A3620037FCBF /* Base in Resources */,
			);
			runOnlyForDeploymentPostprocessing = 0;
		};
/* End PBXResourcesBuildPhase section */

/* Begin PBXSourcesBuildPhase section */
		58C7E5C82CB7A3620037FCBF /* Sources */ = {
			isa = PBXSourcesBuildPhase;
			buildActionMask = 2147483647;
			files = (
				58C7E5D42CB7A3620037FCBF /* ViewController.swift in Sources */,
				58BCC6612CB9950D00C5313A /* OutlineRectangleShape.swift in Sources */,
				58C7E5E82CB7A3C00037FCBF /* Shape.swift in Sources */,
				58C7E5D02CB7A3620037FCBF /* AppDelegate.swift in Sources */,
				58C7E5EE2CB7A3E90037FCBF /* RectangleShape.swift in Sources */,
				58C7E5EA2CB7A3D60037FCBF /* CircleShape.swift in Sources */,
				58C7E5E62CB7A3A90037FCBF /* DrawingView.swift in Sources */,
				58BCC65F2CB994C300C5313A /* OutlineCircleShape.swift in Sources */,
				58BCC6632CB9953200C5313A /* OutlineTriangleShape.swift in Sources */,
				58C7E5EC2CB7A3E30037FCBF /* TriangleShape.swift in Sources */,
				58C7E5D22CB7A3620037FCBF /* SceneDelegate.swift in Sources */,
				58C7E5E42CB7A3920037FCBF /* DrawingItem.swift in Sources */,
			);
			runOnlyForDeploymentPostprocessing = 0;
		};
/* End PBXSourcesBuildPhase section */

/* Begin PBXVariantGroup section */
		58C7E5D52CB7A3620037FCBF /* Main.storyboard */ = {
			isa = PBXVariantGroup;
			children = (
				58C7E5D62CB7A3620037FCBF /* Base */,
			);
			name = Main.storyboard;
			sourceTree = "<group>";
		};
		58C7E5DA2CB7A3630037FCBF /* LaunchScreen.storyboard */ = {
			isa = PBXVariantGroup;
			children = (
				58C7E5DB2CB7A3630037FCBF /* Base */,
			);
			name = LaunchScreen.storyboard;
			sourceTree = "<group>";
		};
/* End PBXVariantGroup section */

/* Begin XCBuildConfiguration section */
		58C7E5DE2CB7A3630037FCBF /* Debug */ = {
			isa = XCBuildConfiguration;
			buildSettings = {
				ALWAYS_SEARCH_USER_PATHS = NO;
				ASSETCATALOG_COMPILER_GENERATE_SWIFT_ASSET_SYMBOL_EXTENSIONS = YES;
				CLANG_ANALYZER_NONNULL = YES;
				CLANG_ANALYZER_NUMBER_OBJECT_CONVERSION = YES_AGGRESSIVE;
				CLANG_CXX_LANGUAGE_STANDARD = "gnu++20";
				CLANG_ENABLE_MODULES = YES;
				CLANG_ENABLE_OBJC_ARC = YES;
				CLANG_ENABLE_OBJC_WEAK = YES;
				CLANG_WARN_BLOCK_CAPTURE_AUTORELEASING = YES;
				CLANG_WARN_BOOL_CONVERSION = YES;
				CLANG_WARN_COMMA = YES;
				CLANG_WARN_CONSTANT_CONVERSION = YES;
				CLANG_WARN_DEPRECATED_OBJC_IMPLEMENTATIONS = YES;
				CLANG_WARN_DIRECT_OBJC_ISA_USAGE = YES_ERROR;
				CLANG_WARN_DOCUMENTATION_COMMENTS = YES;
				CLANG_WARN_EMPTY_BODY = YES;
				CLANG_WARN_ENUM_CONVERSION = YES;
				CLANG_WARN_INFINITE_RECURSION = YES;
				CLANG_WARN_INT_CONVERSION = YES;
				CLANG_WARN_NON_LITERAL_NULL_CONVERSION = YES;
				CLANG_WARN_OBJC_IMPLICIT_RETAIN_SELF = YES;
				CLANG_WARN_OBJC_LITERAL_CONVERSION = YES;
				CLANG_WARN_OBJC_ROOT_CLASS = YES_ERROR;
				CLANG_WARN_QUOTED_INCLUDE_IN_FRAMEWORK_HEADER = YES;
				CLANG_WARN_RANGE_LOOP_ANALYSIS = YES;
				CLANG_WARN_STRICT_PROTOTYPES = YES;
				CLANG_WARN_SUSPICIOUS_MOVE = YES;
				CLANG_WARN_UNGUARDED_AVAILABILITY = YES_AGGRESSIVE;
				CLANG_WARN_UNREACHABLE_CODE = YES;
				CLANG_WARN__DUPLICATE_METHOD_MATCH = YES;
				COPY_PHASE_STRIP = NO;
				DEBUG_INFORMATION_FORMAT = dwarf;
				ENABLE_STRICT_OBJC_MSGSEND = YES;
				ENABLE_TESTABILITY = YES;
				ENABLE_USER_SCRIPT_SANDBOXING = YES;
				GCC_C_LANGUAGE_STANDARD = gnu17;
				GCC_DYNAMIC_NO_PIC = NO;
				GCC_NO_COMMON_BLOCKS = YES;
				GCC_OPTIMIZATION_LEVEL = 0;
				GCC_PREPROCESSOR_DEFINITIONS = (
					"DEBUG=1",
					"$(inherited)",
				);
				GCC_WARN_64_TO_32_BIT_CONVERSION = YES;
				GCC_WARN_ABOUT_RETURN_TYPE = YES_ERROR;
				GCC_WARN_UNDECLARED_SELECTOR = YES;
				GCC_WARN_UNINITIALIZED_AUTOS = YES_AGGRESSIVE;
				GCC_WARN_UNUSED_FUNCTION = YES;
				GCC_WARN_UNUSED_VARIABLE = YES;
				IPHONEOS_DEPLOYMENT_TARGET = 17.5;
				LOCALIZATION_PREFERS_STRING_CATALOGS = YES;
				MTL_ENABLE_DEBUG_INFO = INCLUDE_SOURCE;
				MTL_FAST_MATH = YES;
				ONLY_ACTIVE_ARCH = YES;
				SDKROOT = iphoneos;
				SWIFT_ACTIVE_COMPILATION_CONDITIONS = "DEBUG $(inherited)";
				SWIFT_OPTIMIZATION_LEVEL = "-Onone";
			};
			name = Debug;
		};
		58C7E5DF2CB7A3630037FCBF /* Release */ = {
			isa = XCBuildConfiguration;
			buildSettings = {
				ALWAYS_SEARCH_USER_PATHS = NO;
				ASSETCATALOG_COMPILER_GENERATE_SWIFT_ASSET_SYMBOL_EXTENSIONS = YES;
				CLANG_ANALYZER_NONNULL = YES;
				CLANG_ANALYZER_NUMBER_OBJECT_CONVERSION = YES_AGGRESSIVE;
				CLANG_CXX_LANGUAGE_STANDARD = "gnu++20";
				CLANG_ENABLE_MODULES = YES;
				CLANG_ENABLE_OBJC_ARC = YES;
				CLANG_ENABLE_OBJC_WEAK = YES;
				CLANG_WARN_BLOCK_CAPTURE_AUTORELEASING = YES;
				CLANG_WARN_BOOL_CONVERSION = YES;
				CLANG_WARN_COMMA = YES;
				CLANG_WARN_CONSTANT_CONVERSION = YES;
				CLANG_WARN_DEPRECATED_OBJC_IMPLEMENTATIONS = YES;
				CLANG_WARN_DIRECT_OBJC_ISA_USAGE = YES_ERROR;
				CLANG_WARN_DOCUMENTATION_COMMENTS = YES;
				CLANG_WARN_EMPTY_BODY = YES;
				CLANG_WARN_ENUM_CONVERSION = YES;
				CLANG_WARN_INFINITE_RECURSION = YES;
				CLANG_WARN_INT_CONVERSION = YES;
				CLANG_WARN_NON_LITERAL_NULL_CONVERSION = YES;
				CLANG_WARN_OBJC_IMPLICIT_RETAIN_SELF = YES;
				CLANG_WARN_OBJC_LITERAL_CONVERSION = YES;
				CLANG_WARN_OBJC_ROOT_CLASS = YES_ERROR;
				CLANG_WARN_QUOTED_INCLUDE_IN_FRAMEWORK_HEADER = YES;
				CLANG_WARN_RANGE_LOOP_ANALYSIS = YES;
				CLANG_WARN_STRICT_PROTOTYPES = YES;
				CLANG_WARN_SUSPICIOUS_MOVE = YES;
				CLANG_WARN_UNGUARDED_AVAILABILITY = YES_AGGRESSIVE;
				CLANG_WARN_UNREACHABLE_CODE = YES;
				CLANG_WARN__DUPLICATE_METHOD_MATCH = YES;
				COPY_PHASE_STRIP = NO;
				DEBUG_INFORMATION_FORMAT = "dwarf-with-dsym";
				ENABLE_NS_ASSERTIONS = NO;
				ENABLE_STRICT_OBJC_MSGSEND = YES;
				ENABLE_USER_SCRIPT_SANDBOXING = YES;
				GCC_C_LANGUAGE_STANDARD = gnu17;
				GCC_NO_COMMON_BLOCKS = YES;
				GCC_WARN_64_TO_32_BIT_CONVERSION = YES;
				GCC_WARN_ABOUT_RETURN_TYPE = YES_ERROR;
				GCC_WARN_UNDECLARED_SELECTOR = YES;
				GCC_WARN_UNINITIALIZED_AUTOS = YES_AGGRESSIVE;
				GCC_WARN_UNUSED_FUNCTION = YES;
				GCC_WARN_UNUSED_VARIABLE = YES;
				IPHONEOS_DEPLOYMENT_TARGET = 17.5;
				LOCALIZATION_PREFERS_STRING_CATALOGS = YES;
				MTL_ENABLE_DEBUG_INFO = NO;
				MTL_FAST_MATH = YES;
				SDKROOT = iphoneos;
				SWIFT_COMPILATION_MODE = wholemodule;
				VALIDATE_PRODUCT = YES;
			};
			name = Release;
		};
		58C7E5E12CB7A3630037FCBF /* Debug */ = {
			isa = XCBuildConfiguration;
			buildSettings = {
				ASSETCATALOG_COMPILER_APPICON_NAME = AppIcon;
				ASSETCATALOG_COMPILER_GLOBAL_ACCENT_COLOR_NAME = AccentColor;
				CODE_SIGN_STYLE = Automatic;
				CURRENT_PROJECT_VERSION = 1;
				GENERATE_INFOPLIST_FILE = YES;
				INFOPLIST_FILE = "KananAhmadov-Lab-3/Info.plist";
				INFOPLIST_KEY_UIApplicationSupportsIndirectInputEvents = YES;
				INFOPLIST_KEY_UILaunchStoryboardName = LaunchScreen;
				INFOPLIST_KEY_UIMainStoryboardFile = Main;
				INFOPLIST_KEY_UISupportedInterfaceOrientations_iPad = "UIInterfaceOrientationPortrait UIInterfaceOrientationPortraitUpsideDown UIInterfaceOrientationLandscapeLeft UIInterfaceOrientationLandscapeRight";
				INFOPLIST_KEY_UISupportedInterfaceOrientations_iPhone = "UIInterfaceOrientationPortrait UIInterfaceOrientationLandscapeLeft UIInterfaceOrientationLandscapeRight";
				LD_RUNPATH_SEARCH_PATHS = (
					"$(inherited)",
					"@executable_path/Frameworks",
				);
				MARKETING_VERSION = 1.0;
				PRODUCT_BUNDLE_IDENTIFIER = "cse438.Lab3.KananAhmadov-Lab-3";
				PRODUCT_NAME = "$(TARGET_NAME)";
				SWIFT_EMIT_LOC_STRINGS = YES;
				SWIFT_VERSION = 5.0;
				TARGETED_DEVICE_FAMILY = "1,2";
			};
			name = Debug;
		};
		58C7E5E22CB7A3630037FCBF /* Release */ = {
			isa = XCBuildConfiguration;
			buildSettings = {
				ASSETCATALOG_COMPILER_APPICON_NAME = AppIcon;
				ASSETCATALOG_COMPILER_GLOBAL_ACCENT_COLOR_NAME = AccentColor;
				CODE_SIGN_STYLE = Automatic;
				CURRENT_PROJECT_VERSION = 1;
				GENERATE_INFOPLIST_FILE = YES;
				INFOPLIST_FILE = "KananAhmadov-Lab-3/Info.plist";
				INFOPLIST_KEY_UIApplicationSupportsIndirectInputEvents = YES;
				INFOPLIST_KEY_UILaunchStoryboardName = LaunchScreen;
				INFOPLIST_KEY_UIMainStoryboardFile = Main;
				INFOPLIST_KEY_UISupportedInterfaceOrientations_iPad = "UIInterfaceOrientationPortrait UIInterfaceOrientationPortraitUpsideDown UIInterfaceOrientationLandscapeLeft UIInterfaceOrientationLandscapeRight";
				INFOPLIST_KEY_UISupportedInterfaceOrientations_iPhone = "UIInterfaceOrientationPortrait UIInterfaceOrientationLandscapeLeft UIInterfaceOrientationLandscapeRight";
				LD_RUNPATH_SEARCH_PATHS = (
					"$(inherited)",
					"@executable_path/Frameworks",
				);
				MARKETING_VERSION = 1.0;
				PRODUCT_BUNDLE_IDENTIFIER = "cse438.Lab3.KananAhmadov-Lab-3";
				PRODUCT_NAME = "$(TARGET_NAME)";
				SWIFT_EMIT_LOC_STRINGS = YES;
				SWIFT_VERSION = 5.0;
				TARGETED_DEVICE_FAMILY = "1,2";
			};
			name = Release;
		};
/* End XCBuildConfiguration section */

/* Begin XCConfigurationList section */
		58C7E5C72CB7A3620037FCBF /* Build configuration list for PBXProject "KananAhmadov-Lab-3" */ = {
			isa = XCConfigurationList;
			buildConfigurations = (
				58C7E5DE2CB7A3630037FCBF /* Debug */,
				58C7E5DF2CB7A3630037FCBF /* Release */,
			);
			defaultConfigurationIsVisible = 0;
			defaultConfigurationName = Release;
		};
		58C7E5E02CB7A3630037FCBF /* Build configuration list for PBXNativeTarget "KananAhmadov-Lab-3" */ = {
			isa = XCConfigurationList;
			buildConfigurations = (
				58C7E5E12CB7A3630037FCBF /* Debug */,
				58C7E5E22CB7A3630037FCBF /* Release */,
			);
			defaultConfigurationIsVisible = 0;
			defaultConfigurationName = Release;
		};
/* End XCConfigurationList section */
	};
	rootObject = 58C7E5C42CB7A3620037FCBF /* Project object */;
}
